
Microsoft Visual Studio Solution File, Format Version 12.00
# Visual Studio Version 17
VisualStudioVersion = 17.8.34004.107
MinimumVisualStudioVersion = 10.0.40219.1
Project("{9A19103F-16F7-4668-BE54-9A1E7A4F7556}") = "BulkyWeb", "BulkyWeb\BulkyWeb.csproj", "{D68B7A61-4A2C-4D20-B733-95293A7EF9F2}"
EndProject
Project("{9A19103F-16F7-4668-BE54-9A1E7A4F7556}") = "BulkyWebRazor_Temp", "BulkyWebRazor_Temp\BulkyWebRazor_Temp.csproj", "{256CB32C-66CC-4EC1-9D85-8086CFEAED09}"
EndProject
Project("{FAE04EC0-301F-11D3-BF4B-00C04F79EFBC}") = "Bulky.DataAccess", "Bulky.DataAccess\Bulky.DataAccess.csproj", "{72490BCE-11D4-4D27-A9C7-6A5751EDEE54}"
EndProject
Project("{FAE04EC0-301F-11D3-BF4B-00C04F79EFBC}") = "Bulky.Models", "Bulky.Models\Bulky.Models.csproj", "{72E6F244-CB76-43B7-8813-4075BB60E37C}"
EndProject
Project("{FAE04EC0-301F-11D3-BF4B-00C04F79EFBC}") = "Bulky.Utility", "Bulky.Utility\Bulky.Utility.csproj", "{87C4EE13-78A4-4705-BBF1-DC2BDDB58A18}"
EndProject
Global
	GlobalSection(SolutionConfigurationPlatforms) = preSolution
		Debug|Any CPU = Debug|Any CPU
		Release|Any CPU = Release|Any CPU
	EndGlobalSection
	GlobalSection(ProjectConfigurationPlatforms) = postSolution
		{D68B7A61-4A2C-4D20-B733-95293A7EF9F2}.Debug|Any CPU.ActiveCfg = Debug|Any CPU
		{D68B7A61-4A2C-4D20-B733-95293A7EF9F2}.Debug|Any CPU.Build.0 = Debug|Any CPU
		{D68B7A61-4A2C-4D20-B733-95293A7EF9F2}.Release|Any CPU.ActiveCfg = Release|Any CPU
		{D68B7A61-4A2C-4D20-B733-95293A7EF9F2}.Release|Any CPU.Build.0 = Release|Any CPU
		{256CB32C-66CC-4EC1-9D85-8086CFEAED09}.Debug|Any CPU.ActiveCfg = Debug|Any CPU
		{256CB32C-66CC-4EC1-9D85-8086CFEAED09}.Debug|Any CPU.Build.0 = Debug|Any CPU
		{256CB32C-66CC-4EC1-9D85-8086CFEAED09}.Release|Any CPU.ActiveCfg = Release|Any CPU
		{256CB32C-66CC-4EC1-9D85-8086CFEAED09}.Release|Any CPU.Build.0 = Release|Any CPU
		{72490BCE-11D4-4D27-A9C7-6A5751EDEE54}.Debug|Any CPU.ActiveCfg = Debug|Any CPU
		{72490BCE-11D4-4D27-A9C7-6A5751EDEE54}.Debug|Any CPU.Build.0 = Debug|Any CPU
		{72490BCE-11D4-4D27-A9C7-6A5751EDEE54}.Release|Any CPU.ActiveCfg = Release|Any CPU
		{72490BCE-11D4-4D27-A9C7-6A5751EDEE54}.Release|Any CPU.Build.0 = Release|Any CPU
		{72E6F244-CB76-43B7-8813-4075BB60E37C}.Debug|Any CPU.ActiveCfg = Debug|Any CPU
		{72E6F244-CB76-43B7-8813-4075BB60E37C}.Debug|Any CPU.Build.0 = Debug|Any CPU
		{72E6F244-CB76-43B7-8813-4075BB60E37C}.Release|Any CPU.ActiveCfg = Release|Any CPU
		{72E6F244-CB76-43B7-8813-4075BB60E37C}.Release|Any CPU.Build.0 = Release|Any CPU
		{87C4EE13-78A4-4705-BBF1-DC2BDDB58A18}.Debug|Any CPU.ActiveCfg = Debug|Any CPU
		{87C4EE13-78A4-4705-BBF1-DC2BDDB58A18}.Debug|Any CPU.Build.0 = Debug|Any CPU
		{87C4EE13-78A4-4705-BBF1-DC2BDDB58A18}.Release|Any CPU.ActiveCfg = Release|Any CPU
		{87C4EE13-78A4-4705-BBF1-DC2BDDB58A18}.Release|Any CPU.Build.0 = Release|Any CPU
	EndGlobalSection
	GlobalSection(SolutionProperties) = preSolution
		HideSolutionNode = FALSE
	EndGlobalSection
	GlobalSection(ExtensibilityGlobals) = postSolution
		SolutionGuid = {3A02EC72-0037-4AC0-8527-4746871D92C3}
	EndGlobalSection
EndGlobal
